
Microsoft Visual Studio Solution File, Format Version 12.00
# Visual Studio Version 17
VisualStudioVersion = 17.9.34622.214
MinimumVisualStudioVersion = 10.0.40219.1
Project("{FAE04EC0-301F-11D3-BF4B-00C04F79EFBC}") = "Ex3OrdenarProductos", "Ex3OrdenarProductos\Ex3OrdenarProductos.csproj", "{968EB35C-AA64-4462-BC55-7BB22DF8A15B}"
EndProject
Global
	GlobalSection(SolutionConfigurationPlatforms) = preSolution
		Debug|Any CPU = Debug|Any CPU
		Release|Any CPU = Release|Any CPU
	EndGlobalSection
	GlobalSection(ProjectConfigurationPlatforms) = postSolution
		{968EB35C-AA64-4462-BC55-7BB22DF8A15B}.Debug|Any CPU.ActiveCfg = Debug|Any CPU
		{968EB35C-AA64-4462-BC55-7BB22DF8A15B}.Debug|Any CPU.Build.0 = Debug|Any CPU
		{968EB35C-AA64-4462-BC55-7BB22DF8A15B}.Release|Any CPU.ActiveCfg = Release|Any CPU
		{968EB35C-AA64-4462-BC55-7BB22DF8A15B}.Release|Any CPU.Build.0 = Release|Any CPU
	EndGlobalSection
	GlobalSection(SolutionProperties) = preSolution
		HideSolutionNode = FALSE
	EndGlobalSection
	GlobalSection(ExtensibilityGlobals) = postSolution
		SolutionGuid = {2A351F1F-8EF9-4217-980E-34A4AE30DBD1}
	EndGlobalSection
EndGlobal
