
Microsoft Visual Studio Solution File, Format Version 12.00
# Visual Studio Version 17
VisualStudioVersion = 17.9.34622.214
MinimumVisualStudioVersion = 10.0.40219.1
Project("{FAE04EC0-301F-11D3-BF4B-00C04F79EFBC}") = "Ex1FiltragemNumerosImpares", "Ex1FiltragemNumerosImpares\Ex1FiltragemNumerosImpares.csproj", "{8C29415A-69B6-46DE-B23C-673475037B3B}"
EndProject
Global
	GlobalSection(SolutionConfigurationPlatforms) = preSolution
		Debug|Any CPU = Debug|Any CPU
		Release|Any CPU = Release|Any CPU
	EndGlobalSection
	GlobalSection(ProjectConfigurationPlatforms) = postSolution
		{8C29415A-69B6-46DE-B23C-673475037B3B}.Debug|Any CPU.ActiveCfg = Debug|Any CPU
		{8C29415A-69B6-46DE-B23C-673475037B3B}.Debug|Any CPU.Build.0 = Debug|Any CPU
		{8C29415A-69B6-46DE-B23C-673475037B3B}.Release|Any CPU.ActiveCfg = Release|Any CPU
		{8C29415A-69B6-46DE-B23C-673475037B3B}.Release|Any CPU.Build.0 = Release|Any CPU
	EndGlobalSection
	GlobalSection(SolutionProperties) = preSolution
		HideSolutionNode = FALSE
	EndGlobalSection
	GlobalSection(ExtensibilityGlobals) = postSolution
		SolutionGuid = {04C21560-037F-41DD-A678-DFB9F6B3A9A5}
	EndGlobalSection
EndGlobal
